
Microsoft Visual Studio Solution File, Format Version 12.00
# Visual Studio Version 17
VisualStudioVersion = 17.10.35013.160
MinimumVisualStudioVersion = 10.0.40219.1
Project("{FAE04EC0-301F-11D3-BF4B-00C04F79EFBC}") = "G01-C42-EF03", "G01-C42-EF03\G01-C42-EF03.csproj", "{973E5CE9-47EF-46AD-9E36-D3FC1C44F03E}"
EndProject
Global
	GlobalSection(SolutionConfigurationPlatforms) = preSolution
		Debug|Any CPU = Debug|Any CPU
		Release|Any CPU = Release|Any CPU
	EndGlobalSection
	GlobalSection(ProjectConfigurationPlatforms) = postSolution
		{973E5CE9-47EF-46AD-9E36-D3FC1C44F03E}.Debug|Any CPU.ActiveCfg = Debug|Any CPU
		{973E5CE9-47EF-46AD-9E36-D3FC1C44F03E}.Debug|Any CPU.Build.0 = Debug|Any CPU
		{973E5CE9-47EF-46AD-9E36-D3FC1C44F03E}.Release|Any CPU.ActiveCfg = Release|Any CPU
		{973E5CE9-47EF-46AD-9E36-D3FC1C44F03E}.Release|Any CPU.Build.0 = Release|Any CPU
	EndGlobalSection
	GlobalSection(SolutionProperties) = preSolution
		HideSolutionNode = FALSE
	EndGlobalSection
	GlobalSection(ExtensibilityGlobals) = postSolution
		SolutionGuid = {CE4766E4-88A3-4D24-BBCF-E44DE72745D9}
	EndGlobalSection
EndGlobal
